
Microsoft Visual Studio Solution File, Format Version 12.00
# Visual Studio Version 17
VisualStudioVersion = 17.6.33513.286
MinimumVisualStudioVersion = 10.0.40219.1
Project("{F184B08F-C81C-45F6-A57F-5ABD9991F28F}") = "TabbedMultiProcess", "TabbedMultiProcess\TabbedMultiProcess.vbproj", "{948BA3BE-3991-49F8-A38F-235483F365F5}"
EndProject
Project("{F184B08F-C81C-45F6-A57F-5ABD9991F28F}") = "ChildProcess", "ChildProcess\ChildProcess.vbproj", "{0CA2D514-EF63-46E1-B74B-FE463F3C7595}"
EndProject
Project("{2150E333-8FDC-42A3-9474-1A3956D46DE8}") = "Solution Items", "Solution Items", "{89118B55-731F-4BA0-A66C-7E6DD14DD84E}"
	ProjectSection(SolutionItems) = preProject
		README.md = README.md
	EndProjectSection
EndProject
Global
	GlobalSection(SolutionConfigurationPlatforms) = preSolution
		Debug|Any CPU = Debug|Any CPU
		Release|Any CPU = Release|Any CPU
	EndGlobalSection
	GlobalSection(ProjectConfigurationPlatforms) = postSolution
		{948BA3BE-3991-49F8-A38F-235483F365F5}.Debug|Any CPU.ActiveCfg = Debug|Any CPU
		{948BA3BE-3991-49F8-A38F-235483F365F5}.Debug|Any CPU.Build.0 = Debug|Any CPU
		{948BA3BE-3991-49F8-A38F-235483F365F5}.Release|Any CPU.ActiveCfg = Release|Any CPU
		{948BA3BE-3991-49F8-A38F-235483F365F5}.Release|Any CPU.Build.0 = Release|Any CPU
		{0CA2D514-EF63-46E1-B74B-FE463F3C7595}.Debug|Any CPU.ActiveCfg = Debug|Any CPU
		{0CA2D514-EF63-46E1-B74B-FE463F3C7595}.Debug|Any CPU.Build.0 = Debug|Any CPU
		{0CA2D514-EF63-46E1-B74B-FE463F3C7595}.Release|Any CPU.ActiveCfg = Release|Any CPU
		{0CA2D514-EF63-46E1-B74B-FE463F3C7595}.Release|Any CPU.Build.0 = Release|Any CPU
	EndGlobalSection
	GlobalSection(SolutionProperties) = preSolution
		HideSolutionNode = FALSE
	EndGlobalSection
	GlobalSection(ExtensibilityGlobals) = postSolution
		SolutionGuid = {5EAF943D-B01F-4BF0-A8DB-44EF0691703D}
	EndGlobalSection
EndGlobal
